
Microsoft Visual Studio Solution File, Format Version 12.00
# Visual Studio 2013
VisualStudioVersion = 12.0.21005.1
MinimumVisualStudioVersion = 10.0.40219.1
Project("{FAE04EC0-301F-11D3-BF4B-00C04F79EFBC}") = "IronFist", "IronFist\IronFist.csproj", "{DAE76E50-9E73-4622-AC75-9AAFB9A0CD59}"
EndProject
Project("{2150E333-8FDC-42A3-9474-1A3956D46DE8}") = ".nuget", ".nuget", "{D94BDCA0-E3B6-43FA-ABEF-D83BDAB5B199}"
	ProjectSection(SolutionItems) = preProject
		.nuget\NuGet.Config = .nuget\NuGet.Config
		.nuget\NuGet.exe = .nuget\NuGet.exe
		.nuget\NuGet.targets = .nuget\NuGet.targets
	EndProjectSection
EndProject
Project("{FAE04EC0-301F-11D3-BF4B-00C04F79EFBC}") = "IronFist.Test", "IronFist.Test\IronFist.Test.csproj", "{0B2294F6-2D23-4AC6-8E4A-E05452AD3CBC}"
EndProject
Global
	GlobalSection(SolutionConfigurationPlatforms) = preSolution
		Debug|Any CPU = Debug|Any CPU
		Release|Any CPU = Release|Any CPU
	EndGlobalSection
	GlobalSection(ProjectConfigurationPlatforms) = postSolution
		{DAE76E50-9E73-4622-AC75-9AAFB9A0CD59}.Debug|Any CPU.ActiveCfg = Debug|Any CPU
		{DAE76E50-9E73-4622-AC75-9AAFB9A0CD59}.Debug|Any CPU.Build.0 = Debug|Any CPU
		{DAE76E50-9E73-4622-AC75-9AAFB9A0CD59}.Release|Any CPU.ActiveCfg = Release|Any CPU
		{DAE76E50-9E73-4622-AC75-9AAFB9A0CD59}.Release|Any CPU.Build.0 = Release|Any CPU
		{0B2294F6-2D23-4AC6-8E4A-E05452AD3CBC}.Debug|Any CPU.ActiveCfg = Debug|Any CPU
		{0B2294F6-2D23-4AC6-8E4A-E05452AD3CBC}.Debug|Any CPU.Build.0 = Debug|Any CPU
		{0B2294F6-2D23-4AC6-8E4A-E05452AD3CBC}.Release|Any CPU.ActiveCfg = Release|Any CPU
		{0B2294F6-2D23-4AC6-8E4A-E05452AD3CBC}.Release|Any CPU.Build.0 = Release|Any CPU
	EndGlobalSection
	GlobalSection(SolutionProperties) = preSolution
		HideSolutionNode = FALSE
	EndGlobalSection
EndGlobal
